// !$*UTF8*$!
{
	archiveVersion = 1;
	classes = {
	};
	objectVersion = 50;
	objects = {

/* Begin PBXBuildFile section */
		2F4F996B224A7FC500A50CD5 /* AppDelegate.swift in Sources */ = {isa = PBXBuildFile; fileRef = 2F4F996A224A7FC500A50CD5 /* AppDelegate.swift */; };
		2F4F996D224A7FC500A50CD5 /* ViewController.swift in Sources */ = {isa = PBXBuildFile; fileRef = 2F4F996C224A7FC500A50CD5 /* ViewController.swift */; };
		2F4F9970224A7FC500A50CD5 /* Main.storyboard in Resources */ = {isa = PBXBuildFile; fileRef = 2F4F996E224A7FC500A50CD5 /* Main.storyboard */; };
		2F4F9972224A7FC600A50CD5 /* Assets.xcassets in Resources */ = {isa = PBXBuildFile; fileRef = 2F4F9971224A7FC600A50CD5 /* Assets.xcassets */; };
		2F4F9975224A7FC600A50CD5 /* LaunchScreen.storyboard in Resources */ = {isa = PBXBuildFile; fileRef = 2F4F9973224A7FC600A50CD5 /* LaunchScreen.storyboard */; };
		2F4F997D224AC5BF00A50CD5 /* SecondViewController.swift in Sources */ = {isa = PBXBuildFile; fileRef = 2F4F997C224AC5BF00A50CD5 /* SecondViewController.swift */; };
		2F4F997F224AD7A300A50CD5 /* WeatherViewController.swift in Sources */ = {isa = PBXBuildFile; fileRef = 2F4F997E224AD7A300A50CD5 /* WeatherViewController.swift */; };
		2F4F9981224AFA5300A50CD5 /* ApiHandler.swift in Sources */ = {isa = PBXBuildFile; fileRef = 2F4F9980224AFA5300A50CD5 /* ApiHandler.swift */; };
		2F4F9983224AFA6700A50CD5 /* Weather.swift in Sources */ = {isa = PBXBuildFile; fileRef = 2F4F9982224AFA6700A50CD5 /* Weather.swift */; };
		A919DA2842A09FCA33CF3997 /* Pods_DemoCoreLocation.framework in Frameworks */ = {isa = PBXBuildFile; fileRef = 32D20944F488DF0F77486065 /* Pods_DemoCoreLocation.framework */; };
/* End PBXBuildFile section */

/* Begin PBXFileReference section */
		149A859088DE58B8FE514C73 /* Pods-DemoCoreLocation.release.xcconfig */ = {isa = PBXFileReference; includeInIndex = 1; lastKnownFileType = text.xcconfig; name = "Pods-DemoCoreLocation.release.xcconfig"; path = "Target Support Files/Pods-DemoCoreLocation/Pods-DemoCoreLocation.release.xcconfig"; sourceTree = "<group>"; };
		2F4F9967224A7FC500A50CD5 /* DemoCoreLocation.app */ = {isa = PBXFileReference; explicitFileType = wrapper.application; includeInIndex = 0; path = DemoCoreLocation.app; sourceTree = BUILT_PRODUCTS_DIR; };
		2F4F996A224A7FC500A50CD5 /* AppDelegate.swift */ = {isa = PBXFileReference; lastKnownFileType = sourcecode.swift; path = AppDelegate.swift; sourceTree = "<group>"; };
		2F4F996C224A7FC500A50CD5 /* ViewController.swift */ = {isa = PBXFileReference; lastKnownFileType = sourcecode.swift; path = ViewController.swift; sourceTree = "<group>"; };
		2F4F996F224A7FC500A50CD5 /* Base */ = {isa = PBXFileReference; lastKnownFileType = file.storyboard; name = Base; path = Base.lproj/Main.storyboard; sourceTree = "<group>"; };
		2F4F9971224A7FC600A50CD5 /* Assets.xcassets */ = {isa = PBXFileReference; lastKnownFileType = folder.assetcatalog; path = Assets.xcassets; sourceTree = "<group>"; };
		2F4F9974224A7FC600A50CD5 /* Base */ = {isa = PBXFileReference; lastKnownFileType = file.storyboard; name = Base; path = Base.lproj/LaunchScreen.storyboard; sourceTree = "<group>"; };
		2F4F9976224A7FC600A50CD5 /* Info.plist */ = {isa = PBXFileReference; lastKnownFileType = text.plist.xml; path = Info.plist; sourceTree = "<group>"; };
		2F4F997C224AC5BF00A50CD5 /* SecondViewController.swift */ = {isa = PBXFileReference; lastKnownFileType = sourcecode.swift; path = SecondViewController.swift; sourceTree = "<group>"; };
		2F4F997E224AD7A300A50CD5 /* WeatherViewController.swift */ = {isa = PBXFileReference; lastKnownFileType = sourcecode.swift; path = WeatherViewController.swift; sourceTree = "<group>"; };
		2F4F9980224AFA5300A50CD5 /* ApiHandler.swift */ = {isa = PBXFileReference; lastKnownFileType = sourcecode.swift; path = ApiHandler.swift; sourceTree = "<group>"; };
		2F4F9982224AFA6700A50CD5 /* Weather.swift */ = {isa = PBXFileReference; lastKnownFileType = sourcecode.swift; path = Weather.swift; sourceTree = "<group>"; };
		32D20944F488DF0F77486065 /* Pods_DemoCoreLocation.framework */ = {isa = PBXFileReference; explicitFileType = wrapper.framework; includeInIndex = 0; path = Pods_DemoCoreLocation.framework; sourceTree = BUILT_PRODUCTS_DIR; };
		D0204907FE5AEF2AA2A657A3 /* Pods-DemoCoreLocation.debug.xcconfig */ = {isa = PBXFileReference; includeInIndex = 1; lastKnownFileType = text.xcconfig; name = "Pods-DemoCoreLocation.debug.xcconfig"; path = "Target Support Files/Pods-DemoCoreLocation/Pods-DemoCoreLocation.debug.xcconfig"; sourceTree = "<group>"; };
/* End PBXFileReference section */

/* Begin PBXFrameworksBuildPhase section */
		2F4F9964224A7FC500A50CD5 /* Frameworks */ = {
			isa = PBXFrameworksBuildPhase;
			buildActionMask = 2147483647;
			files = (
				A919DA2842A09FCA33CF3997 /* Pods_DemoCoreLocation.framework in Frameworks */,
			);
			runOnlyForDeploymentPostprocessing = 0;
		};
/* End PBXFrameworksBuildPhase section */

/* Begin PBXGroup section */
		2846A4C6E469B8A4C1DC1A69 /* Frameworks */ = {
			isa = PBXGroup;
			children = (
				32D20944F488DF0F77486065 /* Pods_DemoCoreLocation.framework */,
			);
			name = Frameworks;
			sourceTree = "<group>";
		};
		2F4F995E224A7FC500A50CD5 = {
			isa = PBXGroup;
			children = (
				2F4F9969224A7FC500A50CD5 /* DemoCoreLocation */,
				2F4F9968224A7FC500A50CD5 /* Products */,
				31386D2F0EE184C929BF7376 /* Pods */,
				2846A4C6E469B8A4C1DC1A69 /* Frameworks */,
			);
			sourceTree = "<group>";
		};
		2F4F9968224A7FC500A50CD5 /* Products */ = {
			isa = PBXGroup;
			children = (
				2F4F9967224A7FC500A50CD5 /* DemoCoreLocation.app */,
			);
			name = Products;
			sourceTree = "<group>";
		};
		2F4F9969224A7FC500A50CD5 /* DemoCoreLocation */ = {
			isa = PBXGroup;
			children = (
				2F4F996A224A7FC500A50CD5 /* AppDelegate.swift */,
				2F4F996C224A7FC500A50CD5 /* ViewController.swift */,
				2F4F997C224AC5BF00A50CD5 /* SecondViewController.swift */,
				2F4F997E224AD7A300A50CD5 /* WeatherViewController.swift */,
				2F4F9980224AFA5300A50CD5 /* ApiHandler.swift */,
				2F4F9982224AFA6700A50CD5 /* Weather.swift */,
				2F4F996E224A7FC500A50CD5 /* Main.storyboard */,
				2F4F9971224A7FC600A50CD5 /* Assets.xcassets */,
				2F4F9973224A7FC600A50CD5 /* LaunchScreen.storyboard */,
				2F4F9976224A7FC600A50CD5 /* Info.plist */,
			);
			path = DemoCoreLocation;
			sourceTree = "<group>";
		};
		31386D2F0EE184C929BF7376 /* Pods */ = {
			isa = PBXGroup;
			children = (
				D0204907FE5AEF2AA2A657A3 /* Pods-DemoCoreLocation.debug.xcconfig */,
				149A859088DE58B8FE514C73 /* Pods-DemoCoreLocation.release.xcconfig */,
			);
			path = Pods;
			sourceTree = "<group>";
		};
/* End PBXGroup section */

/* Begin PBXNativeTarget section */
		2F4F9966224A7FC500A50CD5 /* DemoCoreLocation */ = {
			isa = PBXNativeTarget;
			buildConfigurationList = 2F4F9979224A7FC600A50CD5 /* Build configuration list for PBXNativeTarget "DemoCoreLocation" */;
			buildPhases = (
				E4ED1AF8CDA7B50EA4CE3941 /* [CP] Check Pods Manifest.lock */,
				2F4F9963224A7FC500A50CD5 /* Sources */,
				2F4F9964224A7FC500A50CD5 /* Frameworks */,
				2F4F9965224A7FC500A50CD5 /* Resources */,
				4CCA0D7FCC7A75B38C3DEF93 /* [CP] Copy Pods Resources */,
			);
			buildRules = (
			);
			dependencies = (
			);
			name = DemoCoreLocation;
			productName = DemoCoreLocation;
			productReference = 2F4F9967224A7FC500A50CD5 /* DemoCoreLocation.app */;
			productType = "com.apple.product-type.application";
		};
/* End PBXNativeTarget section */

/* Begin PBXProject section */
		2F4F995F224A7FC500A50CD5 /* Project object */ = {
			isa = PBXProject;
			attributes = {
				LastSwiftUpdateCheck = 1010;
				LastUpgradeCheck = 1010;
				ORGANIZATIONNAME = scui5;
				TargetAttributes = {
					2F4F9966224A7FC500A50CD5 = {
						CreatedOnToolsVersion = 10.1;
					};
				};
			};
			buildConfigurationList = 2F4F9962224A7FC500A50CD5 /* Build configuration list for PBXProject "DemoCoreLocation" */;
			compatibilityVersion = "Xcode 9.3";
			developmentRegion = en;
			hasScannedForEncodings = 0;
			knownRegions = (
				en,
				Base,
			);
			mainGroup = 2F4F995E224A7FC500A50CD5;
			productRefGroup = 2F4F9968224A7FC500A50CD5 /* Products */;
			projectDirPath = "";
			projectRoot = "";
			targets = (
				2F4F9966224A7FC500A50CD5 /* DemoCoreLocation */,
			);
		};
/* End PBXProject section */

/* Begin PBXResourcesBuildPhase section */
		2F4F9965224A7FC500A50CD5 /* Resources */ = {
			isa = PBXResourcesBuildPhase;
			buildActionMask = 2147483647;
			files = (
				2F4F9975224A7FC600A50CD5 /* LaunchScreen.storyboard in Resources */,
				2F4F9972224A7FC600A50CD5 /* Assets.xcassets in Resources */,
				2F4F9970224A7FC500A50CD5 /* Main.storyboard in Resources */,
			);
			runOnlyForDeploymentPostprocessing = 0;
		};
/* End PBXResourcesBuildPhase section */

/* Begin PBXShellScriptBuildPhase section */
		4CCA0D7FCC7A75B38C3DEF93 /* [CP] Copy Pods Resources */ = {
			isa = PBXShellScriptBuildPhase;
			buildActionMask = 2147483647;
			files = (
			);
			inputFileListPaths = (
			);
			inputPaths = (
				"${PODS_ROOT}/Target Support Files/Pods-DemoCoreLocation/Pods-DemoCoreLocation-resources.sh",
				"${PODS_ROOT}/GoogleMaps/Maps/Frameworks/GoogleMaps.framework/Resources/GoogleMaps.bundle",
			);
			name = "[CP] Copy Pods Resources";
			outputFileListPaths = (
			);
			outputPaths = (
				"${TARGET_BUILD_DIR}/${UNLOCALIZED_RESOURCES_FOLDER_PATH}/GoogleMaps.bundle",
			);
			runOnlyForDeploymentPostprocessing = 0;
			shellPath = /bin/sh;
			shellScript = "\"${PODS_ROOT}/Target Support Files/Pods-DemoCoreLocation/Pods-DemoCoreLocation-resources.sh\"\n";
			showEnvVarsInLog = 0;
		};
		E4ED1AF8CDA7B50EA4CE3941 /* [CP] Check Pods Manifest.lock */ = {
			isa = PBXShellScriptBuildPhase;
			buildActionMask = 2147483647;
			files = (
			);
			inputFileListPaths = (
			);
			inputPaths = (
				"${PODS_PODFILE_DIR_PATH}/Podfile.lock",
				"${PODS_ROOT}/Manifest.lock",
			);
			name = "[CP] Check Pods Manifest.lock";
			outputFileListPaths = (
			);
			outputPaths = (
				"$(DERIVED_FILE_DIR)/Pods-DemoCoreLocation-checkManifestLockResult.txt",
			);
			runOnlyForDeploymentPostprocessing = 0;
			shellPath = /bin/sh;
			shellScript = "diff \"${PODS_PODFILE_DIR_PATH}/Podfile.lock\" \"${PODS_ROOT}/Manifest.lock\" > /dev/null\nif [ $? != 0 ] ; then\n    # print error to STDERR\n    echo \"error: The sandbox is not in sync with the Podfile.lock. Run 'pod install' or update your CocoaPods installation.\" >&2\n    exit 1\nfi\n# This output is used by Xcode 'outputs' to avoid re-running this script phase.\necho \"SUCCESS\" > \"${SCRIPT_OUTPUT_FILE_0}\"\n";
			showEnvVarsInLog = 0;
		};
/* End PBXShellScriptBuildPhase section */

/* Begin PBXSourcesBuildPhase section */
		2F4F9963224A7FC500A50CD5 /* Sources */ = {
			isa = PBXSourcesBuildPhase;
			buildActionMask = 2147483647;
			files = (
				2F4F997D224AC5BF00A50CD5 /* SecondViewController.swift in Sources */,
				2F4F997F224AD7A300A50CD5 /* WeatherViewController.swift in Sources */,
				2F4F9981224AFA5300A50CD5 /* ApiHandler.swift in Sources */,
				2F4F996D224A7FC500A50CD5 /* ViewController.swift in Sources */,
				2F4F9983224AFA6700A50CD5 /* Weather.swift in Sources */,
				2F4F996B224A7FC500A50CD5 /* AppDelegate.swift in Sources */,
			);
			runOnlyForDeploymentPostprocessing = 0;
		};
/* End PBXSourcesBuildPhase section */

/* Begin PBXVariantGroup section */
		2F4F996E224A7FC500A50CD5 /* Main.storyboard */ = {
			isa = PBXVariantGroup;
			children = (
				2F4F996F224A7FC500A50CD5 /* Base */,
			);
			name = Main.storyboard;
			sourceTree = "<group>";
		};
		2F4F9973224A7FC600A50CD5 /* LaunchScreen.storyboard */ = {
			isa = PBXVariantGroup;
			children = (
				2F4F9974224A7FC600A50CD5 /* Base */,
			);
			name = LaunchScreen.storyboard;
			sourceTree = "<group>";
		};
/* End PBXVariantGroup section */

/* Begin XCBuildConfiguration section */
		2F4F9977224A7FC600A50CD5 /* Debug */ = {
			isa = XCBuildConfiguration;
			buildSettings = {
				ALWAYS_SEARCH_USER_PATHS = NO;
				CLANG_ANALYZER_NONNULL = YES;
				CLANG_ANALYZER_NUMBER_OBJECT_CONVERSION = YES_AGGRESSIVE;
				CLANG_CXX_LANGUAGE_STANDARD = "gnu++14";
				CLANG_CXX_LIBRARY = "libc++";
				CLANG_ENABLE_MODULES = YES;
				CLANG_ENABLE_OBJC_ARC = YES;
				CLANG_ENABLE_OBJC_WEAK = YES;
				CLANG_WARN_BLOCK_CAPTURE_AUTORELEASING = YES;
				CLANG_WARN_BOOL_CONVERSION = YES;
				CLANG_WARN_COMMA = YES;
				CLANG_WARN_CONSTANT_CONVERSION = YES;
				CLANG_WARN_DEPRECATED_OBJC_IMPLEMENTATIONS = YES;
				CLANG_WARN_DIRECT_OBJC_ISA_USAGE = YES_ERROR;
				CLANG_WARN_DOCUMENTATION_COMMENTS = YES;
				CLANG_WARN_EMPTY_BODY = YES;
				CLANG_WARN_ENUM_CONVERSION = YES;
				CLANG_WARN_INFINITE_RECURSION = YES;
				CLANG_WARN_INT_CONVERSION = YES;
				CLANG_WARN_NON_LITERAL_NULL_CONVERSION = YES;
				CLANG_WARN_OBJC_IMPLICIT_RETAIN_SELF = YES;
				CLANG_WARN_OBJC_LITERAL_CONVERSION = YES;
				CLANG_WARN_OBJC_ROOT_CLASS = YES_ERROR;
				CLANG_WARN_RANGE_LOOP_ANALYSIS = YES;
				CLANG_WARN_STRICT_PROTOTYPES = YES;
				CLANG_WARN_SUSPICIOUS_MOVE = YES;
				CLANG_WARN_UNGUARDED_AVAILABILITY = YES_AGGRESSIVE;
				CLANG_WARN_UNREACHABLE_CODE = YES;
				CLANG_WARN__DUPLICATE_METHOD_MATCH = YES;
				CODE_SIGN_IDENTITY = "iPhone Developer";
				COPY_PHASE_STRIP = NO;
				DEBUG_INFORMATION_FORMAT = dwarf;
				ENABLE_STRICT_OBJC_MSGSEND = YES;
				ENABLE_TESTABILITY = YES;
				GCC_C_LANGUAGE_STANDARD = gnu11;
				GCC_DYNAMIC_NO_PIC = NO;
				GCC_NO_COMMON_BLOCKS = YES;
				GCC_OPTIMIZATION_LEVEL = 0;
				GCC_PREPROCESSOR_DEFINITIONS = (
					"DEBUG=1",
					"$(inherited)",
				);
				GCC_WARN_64_TO_32_BIT_CONVERSION = YES;
				GCC_WARN_ABOUT_RETURN_TYPE = YES_ERROR;
				GCC_WARN_UNDECLARED_SELECTOR = YES;
				GCC_WARN_UNINITIALIZED_AUTOS = YES_AGGRESSIVE;
				GCC_WARN_UNUSED_FUNCTION = YES;
				GCC_WARN_UNUSED_VARIABLE = YES;
				IPHONEOS_DEPLOYMENT_TARGET = 12.1;
				MTL_ENABLE_DEBUG_INFO = INCLUDE_SOURCE;
				MTL_FAST_MATH = YES;
				ONLY_ACTIVE_ARCH = YES;
				SDKROOT = iphoneos;
				SWIFT_ACTIVE_COMPILATION_CONDITIONS = DEBUG;
				SWIFT_OPTIMIZATION_LEVEL = "-Onone";
			};
			name = Debug;
		};
		2F4F9978224A7FC600A50CD5 /* Release */ = {
			isa = XCBuildConfiguration;
			buildSettings = {
				ALWAYS_SEARCH_USER_PATHS = NO;
				CLANG_ANALYZER_NONNULL = YES;
				CLANG_ANALYZER_NUMBER_OBJECT_CONVERSION = YES_AGGRESSIVE;
				CLANG_CXX_LANGUAGE_STANDARD = "gnu++14";
				CLANG_CXX_LIBRARY = "libc++";
				CLANG_ENABLE_MODULES = YES;
				CLANG_ENABLE_OBJC_ARC = YES;
				CLANG_ENABLE_OBJC_WEAK = YES;
				CLANG_WARN_BLOCK_CAPTURE_AUTORELEASING = YES;
				CLANG_WARN_BOOL_CONVERSION = YES;
				CLANG_WARN_COMMA = YES;
				CLANG_WARN_CONSTANT_CONVERSION = YES;
				CLANG_WARN_DEPRECATED_OBJC_IMPLEMENTATIONS = YES;
				CLANG_WARN_DIRECT_OBJC_ISA_USAGE = YES_ERROR;
				CLANG_WARN_DOCUMENTATION_COMMENTS = YES;
				CLANG_WARN_EMPTY_BODY = YES;
				CLANG_WARN_ENUM_CONVERSION = YES;
				CLANG_WARN_INFINITE_RECURSION = YES;
				CLANG_WARN_INT_CONVERSION = YES;
				CLANG_WARN_NON_LITERAL_NULL_CONVERSION = YES;
				CLANG_WARN_OBJC_IMPLICIT_RETAIN_SELF = YES;
				CLANG_WARN_OBJC_LITERAL_CONVERSION = YES;
				CLANG_WARN_OBJC_ROOT_CLASS = YES_ERROR;
				CLANG_WARN_RANGE_LOOP_ANALYSIS = YES;
				CLANG_WARN_STRICT_PROTOTYPES = YES;
				CLANG_WARN_SUSPICIOUS_MOVE = YES;
				CLANG_WARN_UNGUARDED_AVAILABILITY = YES_AGGRESSIVE;
				CLANG_WARN_UNREACHABLE_CODE = YES;
				CLANG_WARN__DUPLICATE_METHOD_MATCH = YES;
				CODE_SIGN_IDENTITY = "iPhone Developer";
				COPY_PHASE_STRIP = NO;
				DEBUG_INFORMATION_FORMAT = "dwarf-with-dsym";
				ENABLE_NS_ASSERTIONS = NO;
				ENABLE_STRICT_OBJC_MSGSEND = YES;
				GCC_C_LANGUAGE_STANDARD = gnu11;
				GCC_NO_COMMON_BLOCKS = YES;
				GCC_WARN_64_TO_32_BIT_CONVERSION = YES;
				GCC_WARN_ABOUT_RETURN_TYPE = YES_ERROR;
				GCC_WARN_UNDECLARED_SELECTOR = YES;
				GCC_WARN_UNINITIALIZED_AUTOS = YES_AGGRESSIVE;
				GCC_WARN_UNUSED_FUNCTION = YES;
				GCC_WARN_UNUSED_VARIABLE = YES;
				IPHONEOS_DEPLOYMENT_TARGET = 12.1;
				MTL_ENABLE_DEBUG_INFO = NO;
				MTL_FAST_MATH = YES;
				SDKROOT = iphoneos;
				SWIFT_COMPILATION_MODE = wholemodule;
				SWIFT_OPTIMIZATION_LEVEL = "-O";
				VALIDATE_PRODUCT = YES;
			};
			name = Release;
		};
		2F4F997A224A7FC600A50CD5 /* Debug */ = {
			isa = XCBuildConfiguration;
			baseConfigurationReference = D0204907FE5AEF2AA2A657A3 /* Pods-DemoCoreLocation.debug.xcconfig */;
			buildSettings = {
				ASSETCATALOG_COMPILER_APPICON_NAME = AppIcon;
				CODE_SIGN_STYLE = Automatic;
				DEVELOPMENT_TEAM = DD42ZMY2NH;
				INFOPLIST_FILE = DemoCoreLocation/Info.plist;
				IPHONEOS_DEPLOYMENT_TARGET = 12.1;
				LD_RUNPATH_SEARCH_PATHS = (
					"$(inherited)",
					"@executable_path/Frameworks",
				);
				PRODUCT_BUNDLE_IDENTIFIER = com.scui5.DemoCoreLocation;
				PRODUCT_NAME = "$(TARGET_NAME)";
				SWIFT_VERSION = 4.2;
				TARGETED_DEVICE_FAMILY = "1,2";
			};
			name = Debug;
		};
		2F4F997B224A7FC600A50CD5 /* Release */ = {
			isa = XCBuildConfiguration;
			baseConfigurationReference = 149A859088DE58B8FE514C73 /* Pods-DemoCoreLocation.release.xcconfig */;
			buildSettings = {
				ASSETCATALOG_COMPILER_APPICON_NAME = AppIcon;
				CODE_SIGN_STYLE = Automatic;
				DEVELOPMENT_TEAM = DD42ZMY2NH;
				INFOPLIST_FILE = DemoCoreLocation/Info.plist;
				IPHONEOS_DEPLOYMENT_TARGET = 12.1;
				LD_RUNPATH_SEARCH_PATHS = (
					"$(inherited)",
					"@executable_path/Frameworks",
				);
				PRODUCT_BUNDLE_IDENTIFIER = com.scui5.DemoCoreLocation;
				PRODUCT_NAME = "$(TARGET_NAME)";
				SWIFT_VERSION = 4.2;
				TARGETED_DEVICE_FAMILY = "1,2";
			};
			name = Release;
		};
/* End XCBuildConfiguration section */

/* Begin XCConfigurationList section */
		2F4F9962224A7FC500A50CD5 /* Build configuration list for PBXProject "DemoCoreLocation" */ = {
			isa = XCConfigurationList;
			buildConfigurations = (
				2F4F9977224A7FC600A50CD5 /* Debug */,
				2F4F9978224A7FC600A50CD5 /* Release */,
			);
			defaultConfigurationIsVisible = 0;
			defaultConfigurationName = Release;
		};
		2F4F9979224A7FC600A50CD5 /* Build configuration list for PBXNativeTarget "DemoCoreLocation" */ = {
			isa = XCConfigurationList;
			buildConfigurations = (
				2F4F997A224A7FC600A50CD5 /* Debug */,
				2F4F997B224A7FC600A50CD5 /* Release */,
			);
			defaultConfigurationIsVisible = 0;
			defaultConfigurationName = Release;
		};
/* End XCConfigurationList section */
	};
	rootObject = 2F4F995F224A7FC500A50CD5 /* Project object */;
}
